
Microsoft Visual Studio Solution File, Format Version 12.00
# Visual Studio Version 16
VisualStudioVersion = 16.0.30621.155
MinimumVisualStudioVersion = 10.0.40219.1
Project("{FAE04EC0-301F-11D3-BF4B-00C04F79EFBC}") = "NewsFeedWebsite", "NewsFeedWebsite\NewsFeedWebsite.csproj", "{E89E29D3-C0AE-49A9-993A-F6C9AA3EC042}"
EndProject
Global
	GlobalSection(SolutionConfigurationPlatforms) = preSolution
		Debug|Any CPU = Debug|Any CPU
		Release|Any CPU = Release|Any CPU
	EndGlobalSection
	GlobalSection(ProjectConfigurationPlatforms) = postSolution
		{E89E29D3-C0AE-49A9-993A-F6C9AA3EC042}.Debug|Any CPU.ActiveCfg = Debug|Any CPU
		{E89E29D3-C0AE-49A9-993A-F6C9AA3EC042}.Debug|Any CPU.Build.0 = Debug|Any CPU
		{E89E29D3-C0AE-49A9-993A-F6C9AA3EC042}.Release|Any CPU.ActiveCfg = Release|Any CPU
		{E89E29D3-C0AE-49A9-993A-F6C9AA3EC042}.Release|Any CPU.Build.0 = Release|Any CPU
	EndGlobalSection
	GlobalSection(SolutionProperties) = preSolution
		HideSolutionNode = FALSE
	EndGlobalSection
	GlobalSection(ExtensibilityGlobals) = postSolution
		SolutionGuid = {5AD8C0FB-D4E4-4079-928C-904A2110D6BD}
	EndGlobalSection
EndGlobal
